// !$*UTF8*$!
{
	archiveVersion = 1;
	classes = {
	};
	objectVersion = 56;
	objects = {

/* Begin PBXBuildFile section */
		2A585F812BAA2E4F009BD3F0 /* AppDelegate.swift in Sources */ = {isa = PBXBuildFile; fileRef = 2A585F802BAA2E4F009BD3F0 /* AppDelegate.swift */; };
		2A585F832BAA2E4F009BD3F0 /* SceneDelegate.swift in Sources */ = {isa = PBXBuildFile; fileRef = 2A585F822BAA2E4F009BD3F0 /* SceneDelegate.swift */; };
		2A585F852BAA2E4F009BD3F0 /* ViewController.swift in Sources */ = {isa = PBXBuildFile; fileRef = 2A585F842BAA2E4F009BD3F0 /* ViewController.swift */; };
		2A585F882BAA2E4F009BD3F0 /* Main.storyboard in Resources */ = {isa = PBXBuildFile; fileRef = 2A585F862BAA2E4F009BD3F0 /* Main.storyboard */; };
		2A585F8A2BAA2E51009BD3F0 /* Assets.xcassets in Resources */ = {isa = PBXBuildFile; fileRef = 2A585F892BAA2E51009BD3F0 /* Assets.xcassets */; };
		2A585F8D2BAA2E51009BD3F0 /* LaunchScreen.storyboard in Resources */ = {isa = PBXBuildFile; fileRef = 2A585F8B2BAA2E51009BD3F0 /* LaunchScreen.storyboard */; };
		2A585F982BAA2E51009BD3F0 /* UIButton_TextField_TaskTests.swift in Sources */ = {isa = PBXBuildFile; fileRef = 2A585F972BAA2E51009BD3F0 /* UIButton_TextField_TaskTests.swift */; };
		2A585FA22BAA2E51009BD3F0 /* UIButton_TextField_TaskUITests.swift in Sources */ = {isa = PBXBuildFile; fileRef = 2A585FA12BAA2E51009BD3F0 /* UIButton_TextField_TaskUITests.swift */; };
		2A585FA42BAA2E51009BD3F0 /* UIButton_TextField_TaskUITestsLaunchTests.swift in Sources */ = {isa = PBXBuildFile; fileRef = 2A585FA32BAA2E51009BD3F0 /* UIButton_TextField_TaskUITestsLaunchTests.swift */; };
		2A585FB42BAA2EAD009BD3F0 /* SnapKit in Frameworks */ = {isa = PBXBuildFile; productRef = 2A585FB32BAA2EAD009BD3F0 /* SnapKit */; };
		2A585FB62BAA2EAD009BD3F0 /* SnapKit-Dynamic in Frameworks */ = {isa = PBXBuildFile; productRef = 2A585FB52BAA2EAD009BD3F0 /* SnapKit-Dynamic */; };
/* End PBXBuildFile section */

/* Begin PBXContainerItemProxy section */
		2A585F942BAA2E51009BD3F0 /* PBXContainerItemProxy */ = {
			isa = PBXContainerItemProxy;
			containerPortal = 2A585F752BAA2E4F009BD3F0 /* Project object */;
			proxyType = 1;
			remoteGlobalIDString = 2A585F7C2BAA2E4F009BD3F0;
			remoteInfo = "UIButton-TextField-Task";
		};
		2A585F9E2BAA2E51009BD3F0 /* PBXContainerItemProxy */ = {
			isa = PBXContainerItemProxy;
			containerPortal = 2A585F752BAA2E4F009BD3F0 /* Project object */;
			proxyType = 1;
			remoteGlobalIDString = 2A585F7C2BAA2E4F009BD3F0;
			remoteInfo = "UIButton-TextField-Task";
		};
/* End PBXContainerItemProxy section */

/* Begin PBXFileReference section */
		2A585F7D2BAA2E4F009BD3F0 /* UIButton-TextField-Task.app */ = {isa = PBXFileReference; explicitFileType = wrapper.application; includeInIndex = 0; path = "UIButton-TextField-Task.app"; sourceTree = BUILT_PRODUCTS_DIR; };
		2A585F802BAA2E4F009BD3F0 /* AppDelegate.swift */ = {isa = PBXFileReference; lastKnownFileType = sourcecode.swift; path = AppDelegate.swift; sourceTree = "<group>"; };
		2A585F822BAA2E4F009BD3F0 /* SceneDelegate.swift */ = {isa = PBXFileReference; lastKnownFileType = sourcecode.swift; path = SceneDelegate.swift; sourceTree = "<group>"; };
		2A585F842BAA2E4F009BD3F0 /* ViewController.swift */ = {isa = PBXFileReference; lastKnownFileType = sourcecode.swift; path = ViewController.swift; sourceTree = "<group>"; };
		2A585F872BAA2E4F009BD3F0 /* Base */ = {isa = PBXFileReference; lastKnownFileType = file.storyboard; name = Base; path = Base.lproj/Main.storyboard; sourceTree = "<group>"; };
		2A585F892BAA2E51009BD3F0 /* Assets.xcassets */ = {isa = PBXFileReference; lastKnownFileType = folder.assetcatalog; path = Assets.xcassets; sourceTree = "<group>"; };
		2A585F8C2BAA2E51009BD3F0 /* Base */ = {isa = PBXFileReference; lastKnownFileType = file.storyboard; name = Base; path = Base.lproj/LaunchScreen.storyboard; sourceTree = "<group>"; };
		2A585F8E2BAA2E51009BD3F0 /* Info.plist */ = {isa = PBXFileReference; lastKnownFileType = text.plist.xml; path = Info.plist; sourceTree = "<group>"; };
		2A585F932BAA2E51009BD3F0 /* UIButton-TextField-TaskTests.xctest */ = {isa = PBXFileReference; explicitFileType = wrapper.cfbundle; includeInIndex = 0; path = "UIButton-TextField-TaskTests.xctest"; sourceTree = BUILT_PRODUCTS_DIR; };
		2A585F972BAA2E51009BD3F0 /* UIButton_TextField_TaskTests.swift */ = {isa = PBXFileReference; lastKnownFileType = sourcecode.swift; path = UIButton_TextField_TaskTests.swift; sourceTree = "<group>"; };
		2A585F9D2BAA2E51009BD3F0 /* UIButton-TextField-TaskUITests.xctest */ = {isa = PBXFileReference; explicitFileType = wrapper.cfbundle; includeInIndex = 0; path = "UIButton-TextField-TaskUITests.xctest"; sourceTree = BUILT_PRODUCTS_DIR; };
		2A585FA12BAA2E51009BD3F0 /* UIButton_TextField_TaskUITests.swift */ = {isa = PBXFileReference; lastKnownFileType = sourcecode.swift; path = UIButton_TextField_TaskUITests.swift; sourceTree = "<group>"; };
		2A585FA32BAA2E51009BD3F0 /* UIButton_TextField_TaskUITestsLaunchTests.swift */ = {isa = PBXFileReference; lastKnownFileType = sourcecode.swift; path = UIButton_TextField_TaskUITestsLaunchTests.swift; sourceTree = "<group>"; };
/* End PBXFileReference section */

/* Begin PBXFrameworksBuildPhase section */
		2A585F7A2BAA2E4F009BD3F0 /* Frameworks */ = {
			isa = PBXFrameworksBuildPhase;
			buildActionMask = 2147483647;
			files = (
				2A585FB42BAA2EAD009BD3F0 /* SnapKit in Frameworks */,
				2A585FB62BAA2EAD009BD3F0 /* SnapKit-Dynamic in Frameworks */,
			);
			runOnlyForDeploymentPostprocessing = 0;
		};
		2A585F902BAA2E51009BD3F0 /* Frameworks */ = {
			isa = PBXFrameworksBuildPhase;
			buildActionMask = 2147483647;
			files = (
			);
			runOnlyForDeploymentPostprocessing = 0;
		};
		2A585F9A2BAA2E51009BD3F0 /* Frameworks */ = {
			isa = PBXFrameworksBuildPhase;
			buildActionMask = 2147483647;
			files = (
			);
			runOnlyForDeploymentPostprocessing = 0;
		};
/* End PBXFrameworksBuildPhase section */

/* Begin PBXGroup section */
		2A585F742BAA2E4F009BD3F0 = {
			isa = PBXGroup;
			children = (
				2A585F7F2BAA2E4F009BD3F0 /* UIButton-TextField-Task */,
				2A585F962BAA2E51009BD3F0 /* UIButton-TextField-TaskTests */,
				2A585FA02BAA2E51009BD3F0 /* UIButton-TextField-TaskUITests */,
				2A585F7E2BAA2E4F009BD3F0 /* Products */,
			);
			sourceTree = "<group>";
		};
		2A585F7E2BAA2E4F009BD3F0 /* Products */ = {
			isa = PBXGroup;
			children = (
				2A585F7D2BAA2E4F009BD3F0 /* UIButton-TextField-Task.app */,
				2A585F932BAA2E51009BD3F0 /* UIButton-TextField-TaskTests.xctest */,
				2A585F9D2BAA2E51009BD3F0 /* UIButton-TextField-TaskUITests.xctest */,
			);
			name = Products;
			sourceTree = "<group>";
		};
		2A585F7F2BAA2E4F009BD3F0 /* UIButton-TextField-Task */ = {
			isa = PBXGroup;
			children = (
				2A585FB02BAA2E5E009BD3F0 /* Supporting */,
				2A585FB12BAA2E6B009BD3F0 /* VCs */,
				2A585F862BAA2E4F009BD3F0 /* Main.storyboard */,
				2A585F892BAA2E51009BD3F0 /* Assets.xcassets */,
				2A585F8B2BAA2E51009BD3F0 /* LaunchScreen.storyboard */,
				2A585F8E2BAA2E51009BD3F0 /* Info.plist */,
			);
			path = "UIButton-TextField-Task";
			sourceTree = "<group>";
		};
		2A585F962BAA2E51009BD3F0 /* UIButton-TextField-TaskTests */ = {
			isa = PBXGroup;
			children = (
				2A585F972BAA2E51009BD3F0 /* UIButton_TextField_TaskTests.swift */,
			);
			path = "UIButton-TextField-TaskTests";
			sourceTree = "<group>";
		};
		2A585FA02BAA2E51009BD3F0 /* UIButton-TextField-TaskUITests */ = {
			isa = PBXGroup;
			children = (
				2A585FA12BAA2E51009BD3F0 /* UIButton_TextField_TaskUITests.swift */,
				2A585FA32BAA2E51009BD3F0 /* UIButton_TextField_TaskUITestsLaunchTests.swift */,
			);
			path = "UIButton-TextField-TaskUITests";
			sourceTree = "<group>";
		};
		2A585FB02BAA2E5E009BD3F0 /* Supporting */ = {
			isa = PBXGroup;
			children = (
				2A585F802BAA2E4F009BD3F0 /* AppDelegate.swift */,
				2A585F822BAA2E4F009BD3F0 /* SceneDelegate.swift */,
			);
			path = Supporting;
			sourceTree = "<group>";
		};
		2A585FB12BAA2E6B009BD3F0 /* VCs */ = {
			isa = PBXGroup;
			children = (
				2A585F842BAA2E4F009BD3F0 /* ViewController.swift */,
			);
			path = VCs;
			sourceTree = "<group>";
		};
/* End PBXGroup section */

/* Begin PBXNativeTarget section */
		2A585F7C2BAA2E4F009BD3F0 /* UIButton-TextField-Task */ = {
			isa = PBXNativeTarget;
			buildConfigurationList = 2A585FA72BAA2E51009BD3F0 /* Build configuration list for PBXNativeTarget "UIButton-TextField-Task" */;
			buildPhases = (
				2A585F792BAA2E4F009BD3F0 /* Sources */,
				2A585F7A2BAA2E4F009BD3F0 /* Frameworks */,
				2A585F7B2BAA2E4F009BD3F0 /* Resources */,
			);
			buildRules = (
			);
			dependencies = (
			);
			name = "UIButton-TextField-Task";
			packageProductDependencies = (
				2A585FB32BAA2EAD009BD3F0 /* SnapKit */,
				2A585FB52BAA2EAD009BD3F0 /* SnapKit-Dynamic */,
			);
			productName = "UIButton-TextField-Task";
			productReference = 2A585F7D2BAA2E4F009BD3F0 /* UIButton-TextField-Task.app */;
			productType = "com.apple.product-type.application";
		};
		2A585F922BAA2E51009BD3F0 /* UIButton-TextField-TaskTests */ = {
			isa = PBXNativeTarget;
			buildConfigurationList = 2A585FAA2BAA2E51009BD3F0 /* Build configuration list for PBXNativeTarget "UIButton-TextField-TaskTests" */;
			buildPhases = (
				2A585F8F2BAA2E51009BD3F0 /* Sources */,
				2A585F902BAA2E51009BD3F0 /* Frameworks */,
				2A585F912BAA2E51009BD3F0 /* Resources */,
			);
			buildRules = (
			);
			dependencies = (
				2A585F952BAA2E51009BD3F0 /* PBXTargetDependency */,
			);
			name = "UIButton-TextField-TaskTests";
			productName = "UIButton-TextField-TaskTests";
			productReference = 2A585F932BAA2E51009BD3F0 /* UIButton-TextField-TaskTests.xctest */;
			productType = "com.apple.product-type.bundle.unit-test";
		};
		2A585F9C2BAA2E51009BD3F0 /* UIButton-TextField-TaskUITests */ = {
			isa = PBXNativeTarget;
			buildConfigurationList = 2A585FAD2BAA2E51009BD3F0 /* Build configuration list for PBXNativeTarget "UIButton-TextField-TaskUITests" */;
			buildPhases = (
				2A585F992BAA2E51009BD3F0 /* Sources */,
				2A585F9A2BAA2E51009BD3F0 /* Frameworks */,
				2A585F9B2BAA2E51009BD3F0 /* Resources */,
			);
			buildRules = (
			);
			dependencies = (
				2A585F9F2BAA2E51009BD3F0 /* PBXTargetDependency */,
			);
			name = "UIButton-TextField-TaskUITests";
			productName = "UIButton-TextField-TaskUITests";
			productReference = 2A585F9D2BAA2E51009BD3F0 /* UIButton-TextField-TaskUITests.xctest */;
			productType = "com.apple.product-type.bundle.ui-testing";
		};
/* End PBXNativeTarget section */

/* Begin PBXProject section */
		2A585F752BAA2E4F009BD3F0 /* Project object */ = {
			isa = PBXProject;
			attributes = {
				BuildIndependentTargetsInParallel = 1;
				LastSwiftUpdateCheck = 1520;
				LastUpgradeCheck = 1520;
				TargetAttributes = {
					2A585F7C2BAA2E4F009BD3F0 = {
						CreatedOnToolsVersion = 15.2;
					};
					2A585F922BAA2E51009BD3F0 = {
						CreatedOnToolsVersion = 15.2;
						TestTargetID = 2A585F7C2BAA2E4F009BD3F0;
					};
					2A585F9C2BAA2E51009BD3F0 = {
						CreatedOnToolsVersion = 15.2;
						TestTargetID = 2A585F7C2BAA2E4F009BD3F0;
					};
				};
			};
			buildConfigurationList = 2A585F782BAA2E4F009BD3F0 /* Build configuration list for PBXProject "UIButton-TextField-Task" */;
			compatibilityVersion = "Xcode 14.0";
			developmentRegion = en;
			hasScannedForEncodings = 0;
			knownRegions = (
				en,
				Base,
			);
			mainGroup = 2A585F742BAA2E4F009BD3F0;
			packageReferences = (
				2A585FB22BAA2EAD009BD3F0 /* XCRemoteSwiftPackageReference "SnapKit" */,
			);
			productRefGroup = 2A585F7E2BAA2E4F009BD3F0 /* Products */;
			projectDirPath = "";
			projectRoot = "";
			targets = (
				2A585F7C2BAA2E4F009BD3F0 /* UIButton-TextField-Task */,
				2A585F922BAA2E51009BD3F0 /* UIButton-TextField-TaskTests */,
				2A585F9C2BAA2E51009BD3F0 /* UIButton-TextField-TaskUITests */,
			);
		};
/* End PBXProject section */

/* Begin PBXResourcesBuildPhase section */
		2A585F7B2BAA2E4F009BD3F0 /* Resources */ = {
			isa = PBXResourcesBuildPhase;
			buildActionMask = 2147483647;
			files = (
				2A585F8D2BAA2E51009BD3F0 /* LaunchScreen.storyboard in Resources */,
				2A585F8A2BAA2E51009BD3F0 /* Assets.xcassets in Resources */,
				2A585F882BAA2E4F009BD3F0 /* Main.storyboard in Resources */,
			);
			runOnlyForDeploymentPostprocessing = 0;
		};
		2A585F912BAA2E51009BD3F0 /* Resources */ = {
			isa = PBXResourcesBuildPhase;
			buildActionMask = 2147483647;
			files = (
			);
			runOnlyForDeploymentPostprocessing = 0;
		};
		2A585F9B2BAA2E51009BD3F0 /* Resources */ = {
			isa = PBXResourcesBuildPhase;
			buildActionMask = 2147483647;
			files = (
			);
			runOnlyForDeploymentPostprocessing = 0;
		};
/* End PBXResourcesBuildPhase section */

/* Begin PBXSourcesBuildPhase section */
		2A585F792BAA2E4F009BD3F0 /* Sources */ = {
			isa = PBXSourcesBuildPhase;
			buildActionMask = 2147483647;
			files = (
				2A585F852BAA2E4F009BD3F0 /* ViewController.swift in Sources */,
				2A585F812BAA2E4F009BD3F0 /* AppDelegate.swift in Sources */,
				2A585F832BAA2E4F009BD3F0 /* SceneDelegate.swift in Sources */,
			);
			runOnlyForDeploymentPostprocessing = 0;
		};
		2A585F8F2BAA2E51009BD3F0 /* Sources */ = {
			isa = PBXSourcesBuildPhase;
			buildActionMask = 2147483647;
			files = (
				2A585F982BAA2E51009BD3F0 /* UIButton_TextField_TaskTests.swift in Sources */,
			);
			runOnlyForDeploymentPostprocessing = 0;
		};
		2A585F992BAA2E51009BD3F0 /* Sources */ = {
			isa = PBXSourcesBuildPhase;
			buildActionMask = 2147483647;
			files = (
				2A585FA22BAA2E51009BD3F0 /* UIButton_TextField_TaskUITests.swift in Sources */,
				2A585FA42BAA2E51009BD3F0 /* UIButton_TextField_TaskUITestsLaunchTests.swift in Sources */,
			);
			runOnlyForDeploymentPostprocessing = 0;
		};
/* End PBXSourcesBuildPhase section */

/* Begin PBXTargetDependency section */
		2A585F952BAA2E51009BD3F0 /* PBXTargetDependency */ = {
			isa = PBXTargetDependency;
			target = 2A585F7C2BAA2E4F009BD3F0 /* UIButton-TextField-Task */;
			targetProxy = 2A585F942BAA2E51009BD3F0 /* PBXContainerItemProxy */;
		};
		2A585F9F2BAA2E51009BD3F0 /* PBXTargetDependency */ = {
			isa = PBXTargetDependency;
			target = 2A585F7C2BAA2E4F009BD3F0 /* UIButton-TextField-Task */;
			targetProxy = 2A585F9E2BAA2E51009BD3F0 /* PBXContainerItemProxy */;
		};
/* End PBXTargetDependency section */

/* Begin PBXVariantGroup section */
		2A585F862BAA2E4F009BD3F0 /* Main.storyboard */ = {
			isa = PBXVariantGroup;
			children = (
				2A585F872BAA2E4F009BD3F0 /* Base */,
			);
			name = Main.storyboard;
			sourceTree = "<group>";
		};
		2A585F8B2BAA2E51009BD3F0 /* LaunchScreen.storyboard */ = {
			isa = PBXVariantGroup;
			children = (
				2A585F8C2BAA2E51009BD3F0 /* Base */,
			);
			name = LaunchScreen.storyboard;
			sourceTree = "<group>";
		};
/* End PBXVariantGroup section */

/* Begin XCBuildConfiguration section */
		2A585FA52BAA2E51009BD3F0 /* Debug */ = {
			isa = XCBuildConfiguration;
			buildSettings = {
				ALWAYS_SEARCH_USER_PATHS = NO;
				ASSETCATALOG_COMPILER_GENERATE_SWIFT_ASSET_SYMBOL_EXTENSIONS = YES;
				CLANG_ANALYZER_NONNULL = YES;
				CLANG_ANALYZER_NUMBER_OBJECT_CONVERSION = YES_AGGRESSIVE;
				CLANG_CXX_LANGUAGE_STANDARD = "gnu++20";
				CLANG_ENABLE_MODULES = YES;
				CLANG_ENABLE_OBJC_ARC = YES;
				CLANG_ENABLE_OBJC_WEAK = YES;
				CLANG_WARN_BLOCK_CAPTURE_AUTORELEASING = YES;
				CLANG_WARN_BOOL_CONVERSION = YES;
				CLANG_WARN_COMMA = YES;
				CLANG_WARN_CONSTANT_CONVERSION = YES;
				CLANG_WARN_DEPRECATED_OBJC_IMPLEMENTATIONS = YES;
				CLANG_WARN_DIRECT_OBJC_ISA_USAGE = YES_ERROR;
				CLANG_WARN_DOCUMENTATION_COMMENTS = YES;
				CLANG_WARN_EMPTY_BODY = YES;
				CLANG_WARN_ENUM_CONVERSION = YES;
				CLANG_WARN_INFINITE_RECURSION = YES;
				CLANG_WARN_INT_CONVERSION = YES;
				CLANG_WARN_NON_LITERAL_NULL_CONVERSION = YES;
				CLANG_WARN_OBJC_IMPLICIT_RETAIN_SELF = YES;
				CLANG_WARN_OBJC_LITERAL_CONVERSION = YES;
				CLANG_WARN_OBJC_ROOT_CLASS = YES_ERROR;
				CLANG_WARN_QUOTED_INCLUDE_IN_FRAMEWORK_HEADER = YES;
				CLANG_WARN_RANGE_LOOP_ANALYSIS = YES;
				CLANG_WARN_STRICT_PROTOTYPES = YES;
				CLANG_WARN_SUSPICIOUS_MOVE = YES;
				CLANG_WARN_UNGUARDED_AVAILABILITY = YES_AGGRESSIVE;
				CLANG_WARN_UNREACHABLE_CODE = YES;
				CLANG_WARN__DUPLICATE_METHOD_MATCH = YES;
				COPY_PHASE_STRIP = NO;
				DEBUG_INFORMATION_FORMAT = dwarf;
				ENABLE_STRICT_OBJC_MSGSEND = YES;
				ENABLE_TESTABILITY = YES;
				ENABLE_USER_SCRIPT_SANDBOXING = YES;
				GCC_C_LANGUAGE_STANDARD = gnu17;
				GCC_DYNAMIC_NO_PIC = NO;
				GCC_NO_COMMON_BLOCKS = YES;
				GCC_OPTIMIZATION_LEVEL = 0;
				GCC_PREPROCESSOR_DEFINITIONS = (
					"DEBUG=1",
					"$(inherited)",
				);
				GCC_WARN_64_TO_32_BIT_CONVERSION = YES;
				GCC_WARN_ABOUT_RETURN_TYPE = YES_ERROR;
				GCC_WARN_UNDECLARED_SELECTOR = YES;
				GCC_WARN_UNINITIALIZED_AUTOS = YES_AGGRESSIVE;
				GCC_WARN_UNUSED_FUNCTION = YES;
				GCC_WARN_UNUSED_VARIABLE = YES;
				IPHONEOS_DEPLOYMENT_TARGET = 17.2;
				LOCALIZATION_PREFERS_STRING_CATALOGS = YES;
				MTL_ENABLE_DEBUG_INFO = INCLUDE_SOURCE;
				MTL_FAST_MATH = YES;
				ONLY_ACTIVE_ARCH = YES;
				SDKROOT = iphoneos;
				SWIFT_ACTIVE_COMPILATION_CONDITIONS = "DEBUG $(inherited)";
				SWIFT_OPTIMIZATION_LEVEL = "-Onone";
			};
			name = Debug;
		};
		2A585FA62BAA2E51009BD3F0 /* Release */ = {
			isa = XCBuildConfiguration;
			buildSettings = {
				ALWAYS_SEARCH_USER_PATHS = NO;
				ASSETCATALOG_COMPILER_GENERATE_SWIFT_ASSET_SYMBOL_EXTENSIONS = YES;
				CLANG_ANALYZER_NONNULL = YES;
				CLANG_ANALYZER_NUMBER_OBJECT_CONVERSION = YES_AGGRESSIVE;
				CLANG_CXX_LANGUAGE_STANDARD = "gnu++20";
				CLANG_ENABLE_MODULES = YES;
				CLANG_ENABLE_OBJC_ARC = YES;
				CLANG_ENABLE_OBJC_WEAK = YES;
				CLANG_WARN_BLOCK_CAPTURE_AUTORELEASING = YES;
				CLANG_WARN_BOOL_CONVERSION = YES;
				CLANG_WARN_COMMA = YES;
				CLANG_WARN_CONSTANT_CONVERSION = YES;
				CLANG_WARN_DEPRECATED_OBJC_IMPLEMENTATIONS = YES;
				CLANG_WARN_DIRECT_OBJC_ISA_USAGE = YES_ERROR;
				CLANG_WARN_DOCUMENTATION_COMMENTS = YES;
				CLANG_WARN_EMPTY_BODY = YES;
				CLANG_WARN_ENUM_CONVERSION = YES;
				CLANG_WARN_INFINITE_RECURSION = YES;
				CLANG_WARN_INT_CONVERSION = YES;
				CLANG_WARN_NON_LITERAL_NULL_CONVERSION = YES;
				CLANG_WARN_OBJC_IMPLICIT_RETAIN_SELF = YES;
				CLANG_WARN_OBJC_LITERAL_CONVERSION = YES;
				CLANG_WARN_OBJC_ROOT_CLASS = YES_ERROR;
				CLANG_WARN_QUOTED_INCLUDE_IN_FRAMEWORK_HEADER = YES;
				CLANG_WARN_RANGE_LOOP_ANALYSIS = YES;
				CLANG_WARN_STRICT_PROTOTYPES = YES;
				CLANG_WARN_SUSPICIOUS_MOVE = YES;
				CLANG_WARN_UNGUARDED_AVAILABILITY = YES_AGGRESSIVE;
				CLANG_WARN_UNREACHABLE_CODE = YES;
				CLANG_WARN__DUPLICATE_METHOD_MATCH = YES;
				COPY_PHASE_STRIP = NO;
				DEBUG_INFORMATION_FORMAT = "dwarf-with-dsym";
				ENABLE_NS_ASSERTIONS = NO;
				ENABLE_STRICT_OBJC_MSGSEND = YES;
				ENABLE_USER_SCRIPT_SANDBOXING = YES;
				GCC_C_LANGUAGE_STANDARD = gnu17;
				GCC_NO_COMMON_BLOCKS = YES;
				GCC_WARN_64_TO_32_BIT_CONVERSION = YES;
				GCC_WARN_ABOUT_RETURN_TYPE = YES_ERROR;
				GCC_WARN_UNDECLARED_SELECTOR = YES;
				GCC_WARN_UNINITIALIZED_AUTOS = YES_AGGRESSIVE;
				GCC_WARN_UNUSED_FUNCTION = YES;
				GCC_WARN_UNUSED_VARIABLE = YES;
				IPHONEOS_DEPLOYMENT_TARGET = 17.2;
				LOCALIZATION_PREFERS_STRING_CATALOGS = YES;
				MTL_ENABLE_DEBUG_INFO = NO;
				MTL_FAST_MATH = YES;
				SDKROOT = iphoneos;
				SWIFT_COMPILATION_MODE = wholemodule;
				VALIDATE_PRODUCT = YES;
			};
			name = Release;
		};
		2A585FA82BAA2E51009BD3F0 /* Debug */ = {
			isa = XCBuildConfiguration;
			buildSettings = {
				ASSETCATALOG_COMPILER_APPICON_NAME = AppIcon;
				ASSETCATALOG_COMPILER_GLOBAL_ACCENT_COLOR_NAME = AccentColor;
				CODE_SIGN_STYLE = Automatic;
				CURRENT_PROJECT_VERSION = 1;
				GENERATE_INFOPLIST_FILE = YES;
				INFOPLIST_FILE = "UIButton-TextField-Task/Info.plist";
				INFOPLIST_KEY_UIApplicationSupportsIndirectInputEvents = YES;
				INFOPLIST_KEY_UILaunchStoryboardName = LaunchScreen;
				INFOPLIST_KEY_UIMainStoryboardFile = Main;
				INFOPLIST_KEY_UISupportedInterfaceOrientations_iPad = "UIInterfaceOrientationPortrait UIInterfaceOrientationPortraitUpsideDown UIInterfaceOrientationLandscapeLeft UIInterfaceOrientationLandscapeRight";
				INFOPLIST_KEY_UISupportedInterfaceOrientations_iPhone = "UIInterfaceOrientationPortrait UIInterfaceOrientationLandscapeLeft UIInterfaceOrientationLandscapeRight";
				LD_RUNPATH_SEARCH_PATHS = (
					"$(inherited)",
					"@executable_path/Frameworks",
				);
				MARKETING_VERSION = 1.0;
				PRODUCT_BUNDLE_IDENTIFIER = "com.forssa.UIButton-TextField-Task";
				PRODUCT_NAME = "$(TARGET_NAME)";
				SWIFT_EMIT_LOC_STRINGS = YES;
				SWIFT_VERSION = 5.0;
				TARGETED_DEVICE_FAMILY = "1,2";
			};
			name = Debug;
		};
		2A585FA92BAA2E51009BD3F0 /* Release */ = {
			isa = XCBuildConfiguration;
			buildSettings = {
				ASSETCATALOG_COMPILER_APPICON_NAME = AppIcon;
				ASSETCATALOG_COMPILER_GLOBAL_ACCENT_COLOR_NAME = AccentColor;
				CODE_SIGN_STYLE = Automatic;
				CURRENT_PROJECT_VERSION = 1;
				GENERATE_INFOPLIST_FILE = YES;
				INFOPLIST_FILE = "UIButton-TextField-Task/Info.plist";
				INFOPLIST_KEY_UIApplicationSupportsIndirectInputEvents = YES;
				INFOPLIST_KEY_UILaunchStoryboardName = LaunchScreen;
				INFOPLIST_KEY_UIMainStoryboardFile = Main;
				INFOPLIST_KEY_UISupportedInterfaceOrientations_iPad = "UIInterfaceOrientationPortrait UIInterfaceOrientationPortraitUpsideDown UIInterfaceOrientationLandscapeLeft UIInterfaceOrientationLandscapeRight";
				INFOPLIST_KEY_UISupportedInterfaceOrientations_iPhone = "UIInterfaceOrientationPortrait UIInterfaceOrientationLandscapeLeft UIInterfaceOrientationLandscapeRight";
				LD_RUNPATH_SEARCH_PATHS = (
					"$(inherited)",
					"@executable_path/Frameworks",
				);
				MARKETING_VERSION = 1.0;
				PRODUCT_BUNDLE_IDENTIFIER = "com.forssa.UIButton-TextField-Task";
				PRODUCT_NAME = "$(TARGET_NAME)";
				SWIFT_EMIT_LOC_STRINGS = YES;
				SWIFT_VERSION = 5.0;
				TARGETED_DEVICE_FAMILY = "1,2";
			};
			name = Release;
		};
		2A585FAB2BAA2E51009BD3F0 /* Debug */ = {
			isa = XCBuildConfiguration;
			buildSettings = {
				ALWAYS_EMBED_SWIFT_STANDARD_LIBRARIES = YES;
				BUNDLE_LOADER = "$(TEST_HOST)";
				CODE_SIGN_STYLE = Automatic;
				CURRENT_PROJECT_VERSION = 1;
				GENERATE_INFOPLIST_FILE = YES;
				IPHONEOS_DEPLOYMENT_TARGET = 17.2;
				MARKETING_VERSION = 1.0;
				PRODUCT_BUNDLE_IDENTIFIER = "com.forssa.UIButton-TextField-TaskTests";
				PRODUCT_NAME = "$(TARGET_NAME)";
				SWIFT_EMIT_LOC_STRINGS = NO;
				SWIFT_VERSION = 5.0;
				TARGETED_DEVICE_FAMILY = "1,2";
				TEST_HOST = "$(BUILT_PRODUCTS_DIR)/UIButton-TextField-Task.app/$(BUNDLE_EXECUTABLE_FOLDER_PATH)/UIButton-TextField-Task";
			};
			name = Debug;
		};
		2A585FAC2BAA2E51009BD3F0 /* Release */ = {
			isa = XCBuildConfiguration;
			buildSettings = {
				ALWAYS_EMBED_SWIFT_STANDARD_LIBRARIES = YES;
				BUNDLE_LOADER = "$(TEST_HOST)";
				CODE_SIGN_STYLE = Automatic;
				CURRENT_PROJECT_VERSION = 1;
				GENERATE_INFOPLIST_FILE = YES;
				IPHONEOS_DEPLOYMENT_TARGET = 17.2;
				MARKETING_VERSION = 1.0;
				PRODUCT_BUNDLE_IDENTIFIER = "com.forssa.UIButton-TextField-TaskTests";
				PRODUCT_NAME = "$(TARGET_NAME)";
				SWIFT_EMIT_LOC_STRINGS = NO;
				SWIFT_VERSION = 5.0;
				TARGETED_DEVICE_FAMILY = "1,2";
				TEST_HOST = "$(BUILT_PRODUCTS_DIR)/UIButton-TextField-Task.app/$(BUNDLE_EXECUTABLE_FOLDER_PATH)/UIButton-TextField-Task";
			};
			name = Release;
		};
		2A585FAE2BAA2E51009BD3F0 /* Debug */ = {
			isa = XCBuildConfiguration;
			buildSettings = {
				ALWAYS_EMBED_SWIFT_STANDARD_LIBRARIES = YES;
				CODE_SIGN_STYLE = Automatic;
				CURRENT_PROJECT_VERSION = 1;
				GENERATE_INFOPLIST_FILE = YES;
				MARKETING_VERSION = 1.0;
				PRODUCT_BUNDLE_IDENTIFIER = "com.forssa.UIButton-TextField-TaskUITests";
				PRODUCT_NAME = "$(TARGET_NAME)";
				SWIFT_EMIT_LOC_STRINGS = NO;
				SWIFT_VERSION = 5.0;
				TARGETED_DEVICE_FAMILY = "1,2";
				TEST_TARGET_NAME = "UIButton-TextField-Task";
			};
			name = Debug;
		};
		2A585FAF2BAA2E51009BD3F0 /* Release */ = {
			isa = XCBuildConfiguration;
			buildSettings = {
				ALWAYS_EMBED_SWIFT_STANDARD_LIBRARIES = YES;
				CODE_SIGN_STYLE = Automatic;
				CURRENT_PROJECT_VERSION = 1;
				GENERATE_INFOPLIST_FILE = YES;
				MARKETING_VERSION = 1.0;
				PRODUCT_BUNDLE_IDENTIFIER = "com.forssa.UIButton-TextField-TaskUITests";
				PRODUCT_NAME = "$(TARGET_NAME)";
				SWIFT_EMIT_LOC_STRINGS = NO;
				SWIFT_VERSION = 5.0;
				TARGETED_DEVICE_FAMILY = "1,2";
				TEST_TARGET_NAME = "UIButton-TextField-Task";
			};
			name = Release;
		};
/* End XCBuildConfiguration section */

/* Begin XCConfigurationList section */
		2A585F782BAA2E4F009BD3F0 /* Build configuration list for PBXProject "UIButton-TextField-Task" */ = {
			isa = XCConfigurationList;
			buildConfigurations = (
				2A585FA52BAA2E51009BD3F0 /* Debug */,
				2A585FA62BAA2E51009BD3F0 /* Release */,
			);
			defaultConfigurationIsVisible = 0;
			defaultConfigurationName = Release;
		};
		2A585FA72BAA2E51009BD3F0 /* Build configuration list for PBXNativeTarget "UIButton-TextField-Task" */ = {
			isa = XCConfigurationList;
			buildConfigurations = (
				2A585FA82BAA2E51009BD3F0 /* Debug */,
				2A585FA92BAA2E51009BD3F0 /* Release */,
			);
			defaultConfigurationIsVisible = 0;
			defaultConfigurationName = Release;
		};
		2A585FAA2BAA2E51009BD3F0 /* Build configuration list for PBXNativeTarget "UIButton-TextField-TaskTests" */ = {
			isa = XCConfigurationList;
			buildConfigurations = (
				2A585FAB2BAA2E51009BD3F0 /* Debug */,
				2A585FAC2BAA2E51009BD3F0 /* Release */,
			);
			defaultConfigurationIsVisible = 0;
			defaultConfigurationName = Release;
		};
		2A585FAD2BAA2E51009BD3F0 /* Build configuration list for PBXNativeTarget "UIButton-TextField-TaskUITests" */ = {
			isa = XCConfigurationList;
			buildConfigurations = (
				2A585FAE2BAA2E51009BD3F0 /* Debug */,
				2A585FAF2BAA2E51009BD3F0 /* Release */,
			);
			defaultConfigurationIsVisible = 0;
			defaultConfigurationName = Release;
		};
/* End XCConfigurationList section */

/* Begin XCRemoteSwiftPackageReference section */
		2A585FB22BAA2EAD009BD3F0 /* XCRemoteSwiftPackageReference "SnapKit" */ = {
			isa = XCRemoteSwiftPackageReference;
			repositoryURL = "https://github.com/SnapKit/SnapKit.git";
			requirement = {
				kind = upToNextMajorVersion;
				minimumVersion = 5.7.1;
			};
		};
/* End XCRemoteSwiftPackageReference section */

/* Begin XCSwiftPackageProductDependency section */
		2A585FB32BAA2EAD009BD3F0 /* SnapKit */ = {
			isa = XCSwiftPackageProductDependency;
			package = 2A585FB22BAA2EAD009BD3F0 /* XCRemoteSwiftPackageReference "SnapKit" */;
			productName = SnapKit;
		};
		2A585FB52BAA2EAD009BD3F0 /* SnapKit-Dynamic */ = {
			isa = XCSwiftPackageProductDependency;
			package = 2A585FB22BAA2EAD009BD3F0 /* XCRemoteSwiftPackageReference "SnapKit" */;
			productName = "SnapKit-Dynamic";
		};
/* End XCSwiftPackageProductDependency section */
	};
	rootObject = 2A585F752BAA2E4F009BD3F0 /* Project object */;
}
